// !$*UTF8*$!
{
	archiveVersion = 1;
	classes = {
	};
	objectVersion = 46;
	objects = {

/* Begin PBXBuildFile section */
		B7DF8DCB3748689B053F17B8 /* libPods-WQHttpRequest.a in Frameworks */ = {isa = PBXBuildFile; fileRef = 075D6F077B34358A1FA32322 /* libPods-WQHttpRequest.a */; };
		C9A5BC551E7A64DC008DED8B /* main.m in Sources */ = {isa = PBXBuildFile; fileRef = C9A5BC541E7A64DC008DED8B /* main.m */; };
		C9A5BC581E7A64DC008DED8B /* AppDelegate.m in Sources */ = {isa = PBXBuildFile; fileRef = C9A5BC571E7A64DC008DED8B /* AppDelegate.m */; };
		C9A5BC5B1E7A64DC008DED8B /* ViewController.m in Sources */ = {isa = PBXBuildFile; fileRef = C9A5BC5A1E7A64DC008DED8B /* ViewController.m */; };
		C9A5BC5E1E7A64DC008DED8B /* Main.storyboard in Resources */ = {isa = PBXBuildFile; fileRef = C9A5BC5C1E7A64DC008DED8B /* Main.storyboard */; };
		C9A5BC601E7A64DC008DED8B /* Assets.xcassets in Resources */ = {isa = PBXBuildFile; fileRef = C9A5BC5F1E7A64DC008DED8B /* Assets.xcassets */; };
		C9A5BC631E7A64DC008DED8B /* LaunchScreen.storyboard in Resources */ = {isa = PBXBuildFile; fileRef = C9A5BC611E7A64DC008DED8B /* LaunchScreen.storyboard */; };
		C9A5BC6C1E7A68D9008DED8B /* WQRequestManager.m in Sources */ = {isa = PBXBuildFile; fileRef = C9A5BC6B1E7A68D9008DED8B /* WQRequestManager.m */; };
/* End PBXBuildFile section */

/* Begin PBXFileReference section */
		075D6F077B34358A1FA32322 /* libPods-WQHttpRequest.a */ = {isa = PBXFileReference; explicitFileType = archive.ar; includeInIndex = 0; path = "libPods-WQHttpRequest.a"; sourceTree = BUILT_PRODUCTS_DIR; };
		898971AFA98EE15CD76F9F6A /* Pods-WQHttpRequest.debug.xcconfig */ = {isa = PBXFileReference; includeInIndex = 1; lastKnownFileType = text.xcconfig; name = "Pods-WQHttpRequest.debug.xcconfig"; path = "Pods/Target Support Files/Pods-WQHttpRequest/Pods-WQHttpRequest.debug.xcconfig"; sourceTree = "<group>"; };
		C9A5BC501E7A64DC008DED8B /* WQHttpRequest.app */ = {isa = PBXFileReference; explicitFileType = wrapper.application; includeInIndex = 0; path = WQHttpRequest.app; sourceTree = BUILT_PRODUCTS_DIR; };
		C9A5BC541E7A64DC008DED8B /* main.m */ = {isa = PBXFileReference; lastKnownFileType = sourcecode.c.objc; path = main.m; sourceTree = "<group>"; };
		C9A5BC561E7A64DC008DED8B /* AppDelegate.h */ = {isa = PBXFileReference; lastKnownFileType = sourcecode.c.h; path = AppDelegate.h; sourceTree = "<group>"; };
		C9A5BC571E7A64DC008DED8B /* AppDelegate.m */ = {isa = PBXFileReference; lastKnownFileType = sourcecode.c.objc; path = AppDelegate.m; sourceTree = "<group>"; };
		C9A5BC591E7A64DC008DED8B /* ViewController.h */ = {isa = PBXFileReference; lastKnownFileType = sourcecode.c.h; path = ViewController.h; sourceTree = "<group>"; };
		C9A5BC5A1E7A64DC008DED8B /* ViewController.m */ = {isa = PBXFileReference; lastKnownFileType = sourcecode.c.objc; path = ViewController.m; sourceTree = "<group>"; };
		C9A5BC5D1E7A64DC008DED8B /* Base */ = {isa = PBXFileReference; lastKnownFileType = file.storyboard; name = Base; path = Base.lproj/Main.storyboard; sourceTree = "<group>"; };
		C9A5BC5F1E7A64DC008DED8B /* Assets.xcassets */ = {isa = PBXFileReference; lastKnownFileType = folder.assetcatalog; path = Assets.xcassets; sourceTree = "<group>"; };
		C9A5BC621E7A64DC008DED8B /* Base */ = {isa = PBXFileReference; lastKnownFileType = file.storyboard; name = Base; path = Base.lproj/LaunchScreen.storyboard; sourceTree = "<group>"; };
		C9A5BC641E7A64DC008DED8B /* Info.plist */ = {isa = PBXFileReference; lastKnownFileType = text.plist.xml; path = Info.plist; sourceTree = "<group>"; };
		C9A5BC6A1E7A68D9008DED8B /* WQRequestManager.h */ = {isa = PBXFileReference; fileEncoding = 4; lastKnownFileType = sourcecode.c.h; path = WQRequestManager.h; sourceTree = "<group>"; };
		C9A5BC6B1E7A68D9008DED8B /* WQRequestManager.m */ = {isa = PBXFileReference; fileEncoding = 4; lastKnownFileType = sourcecode.c.objc; path = WQRequestManager.m; sourceTree = "<group>"; };
		DAB39C80436882FDBC0C81F6 /* Pods-WQHttpRequest.release.xcconfig */ = {isa = PBXFileReference; includeInIndex = 1; lastKnownFileType = text.xcconfig; name = "Pods-WQHttpRequest.release.xcconfig"; path = "Pods/Target Support Files/Pods-WQHttpRequest/Pods-WQHttpRequest.release.xcconfig"; sourceTree = "<group>"; };
/* End PBXFileReference section */

/* Begin PBXFrameworksBuildPhase section */
		C9A5BC4D1E7A64DC008DED8B /* Frameworks */ = {
			isa = PBXFrameworksBuildPhase;
			buildActionMask = 2147483647;
			files = (
				B7DF8DCB3748689B053F17B8 /* libPods-WQHttpRequest.a in Frameworks */,
			);
			runOnlyForDeploymentPostprocessing = 0;
		};
/* End PBXFrameworksBuildPhase section */

/* Begin PBXGroup section */
		290689675BE1B4ECB33CAA4D /* Pods */ = {
			isa = PBXGroup;
			children = (
				898971AFA98EE15CD76F9F6A /* Pods-WQHttpRequest.debug.xcconfig */,
				DAB39C80436882FDBC0C81F6 /* Pods-WQHttpRequest.release.xcconfig */,
			);
			name = Pods;
			sourceTree = "<group>";
		};
		5DADB9CD04CEFC140FF32791 /* Frameworks */ = {
			isa = PBXGroup;
			children = (
				075D6F077B34358A1FA32322 /* libPods-WQHttpRequest.a */,
			);
			name = Frameworks;
			sourceTree = "<group>";
		};
		C9A5BC471E7A64DC008DED8B = {
			isa = PBXGroup;
			children = (
				C9A5BC521E7A64DC008DED8B /* WQHttpRequest */,
				C9A5BC511E7A64DC008DED8B /* Products */,
				290689675BE1B4ECB33CAA4D /* Pods */,
				5DADB9CD04CEFC140FF32791 /* Frameworks */,
			);
			sourceTree = "<group>";
		};
		C9A5BC511E7A64DC008DED8B /* Products */ = {
			isa = PBXGroup;
			children = (
				C9A5BC501E7A64DC008DED8B /* WQHttpRequest.app */,
			);
			name = Products;
			sourceTree = "<group>";
		};
		C9A5BC521E7A64DC008DED8B /* WQHttpRequest */ = {
			isa = PBXGroup;
			children = (
				C9A5BC561E7A64DC008DED8B /* AppDelegate.h */,
				C9A5BC571E7A64DC008DED8B /* AppDelegate.m */,
				C9A5BC591E7A64DC008DED8B /* ViewController.h */,
				C9A5BC5A1E7A64DC008DED8B /* ViewController.m */,
				C9A5BC6A1E7A68D9008DED8B /* WQRequestManager.h */,
				C9A5BC6B1E7A68D9008DED8B /* WQRequestManager.m */,
				C9A5BC5C1E7A64DC008DED8B /* Main.storyboard */,
				C9A5BC5F1E7A64DC008DED8B /* Assets.xcassets */,
				C9A5BC611E7A64DC008DED8B /* LaunchScreen.storyboard */,
				C9A5BC641E7A64DC008DED8B /* Info.plist */,
				C9A5BC531E7A64DC008DED8B /* Supporting Files */,
			);
			path = WQHttpRequest;
			sourceTree = "<group>";
		};
		C9A5BC531E7A64DC008DED8B /* Supporting Files */ = {
			isa = PBXGroup;
			children = (
				C9A5BC541E7A64DC008DED8B /* main.m */,
			);
			name = "Supporting Files";
			sourceTree = "<group>";
		};
/* End PBXGroup section */

/* Begin PBXNativeTarget section */
		C9A5BC4F1E7A64DC008DED8B /* WQHttpRequest */ = {
			isa = PBXNativeTarget;
			buildConfigurationList = C9A5BC671E7A64DC008DED8B /* Build configuration list for PBXNativeTarget "WQHttpRequest" */;
			buildPhases = (
				C25800B88A339A3B49D1A1BE /* [CP] Check Pods Manifest.lock */,
				C9A5BC4C1E7A64DC008DED8B /* Sources */,
				C9A5BC4D1E7A64DC008DED8B /* Frameworks */,
				C9A5BC4E1E7A64DC008DED8B /* Resources */,
				9FC2CA871BDF656754362F2F /* [CP] Embed Pods Frameworks */,
				37AE03366F9E0BDE8C264C67 /* [CP] Copy Pods Resources */,
			);
			buildRules = (
			);
			dependencies = (
			);
			name = WQHttpRequest;
			productName = WQHttpRequest;
			productReference = C9A5BC501E7A64DC008DED8B /* WQHttpRequest.app */;
			productType = "com.apple.product-type.application";
		};
/* End PBXNativeTarget section */

/* Begin PBXProject section */
		C9A5BC481E7A64DC008DED8B /* Project object */ = {
			isa = PBXProject;
			attributes = {
				LastUpgradeCheck = 0820;
				ORGANIZATIONNAME = qiangWang;
				TargetAttributes = {
					C9A5BC4F1E7A64DC008DED8B = {
						CreatedOnToolsVersion = 8.2.1;
						ProvisioningStyle = Manual;
					};
				};
			};
			buildConfigurationList = C9A5BC4B1E7A64DC008DED8B /* Build configuration list for PBXProject "WQHttpRequest" */;
			compatibilityVersion = "Xcode 3.2";
			developmentRegion = English;
			hasScannedForEncodings = 0;
			knownRegions = (
				en,
				Base,
			);
			mainGroup = C9A5BC471E7A64DC008DED8B;
			productRefGroup = C9A5BC511E7A64DC008DED8B /* Products */;
			projectDirPath = "";
			projectRoot = "";
			targets = (
				C9A5BC4F1E7A64DC008DED8B /* WQHttpRequest */,
			);
		};
/* End PBXProject section */

/* Begin PBXResourcesBuildPhase section */
		C9A5BC4E1E7A64DC008DED8B /* Resources */ = {
			isa = PBXResourcesBuildPhase;
			buildActionMask = 2147483647;
			files = (
				C9A5BC631E7A64DC008DED8B /* LaunchScreen.storyboard in Resources */,
				C9A5BC601E7A64DC008DED8B /* Assets.xcassets in Resources */,
				C9A5BC5E1E7A64DC008DED8B /* Main.storyboard in Resources */,
			);
			runOnlyForDeploymentPostprocessing = 0;
		};
/* End PBXResourcesBuildPhase section */

/* Begin PBXShellScriptBuildPhase section */
		37AE03366F9E0BDE8C264C67 /* [CP] Copy Pods Resources */ = {
			isa = PBXShellScriptBuildPhase;
			buildActionMask = 2147483647;
			files = (
			);
			inputPaths = (
			);
			name = "[CP] Copy Pods Resources";
			outputPaths = (
			);
			runOnlyForDeploymentPostprocessing = 0;
			shellPath = /bin/sh;
			shellScript = "\"${SRCROOT}/Pods/Target Support Files/Pods-WQHttpRequest/Pods-WQHttpRequest-resources.sh\"\n";
			showEnvVarsInLog = 0;
		};
		9FC2CA871BDF656754362F2F /* [CP] Embed Pods Frameworks */ = {
			isa = PBXShellScriptBuildPhase;
			buildActionMask = 2147483647;
			files = (
			);
			inputPaths = (
			);
			name = "[CP] Embed Pods Frameworks";
			outputPaths = (
			);
			runOnlyForDeploymentPostprocessing = 0;
			shellPath = /bin/sh;
			shellScript = "\"${SRCROOT}/Pods/Target Support Files/Pods-WQHttpRequest/Pods-WQHttpRequest-frameworks.sh\"\n";
			showEnvVarsInLog = 0;
		};
		C25800B88A339A3B49D1A1BE /* [CP] Check Pods Manifest.lock */ = {
			isa = PBXShellScriptBuildPhase;
			buildActionMask = 2147483647;
			files = (
			);
			inputPaths = (
			);
			name = "[CP] Check Pods Manifest.lock";
			outputPaths = (
			);
			runOnlyForDeploymentPostprocessing = 0;
			shellPath = /bin/sh;
			shellScript = "diff \"${PODS_ROOT}/../Podfile.lock\" \"${PODS_ROOT}/Manifest.lock\" > /dev/null\nif [ $? != 0 ] ; then\n    # print error to STDERR\n    echo \"error: The sandbox is not in sync with the Podfile.lock. Run 'pod install' or update your CocoaPods installation.\" >&2\n    exit 1\nfi\n";
			showEnvVarsInLog = 0;
		};
/* End PBXShellScriptBuildPhase section */

/* Begin PBXSourcesBuildPhase section */
		C9A5BC4C1E7A64DC008DED8B /* Sources */ = {
			isa = PBXSourcesBuildPhase;
			buildActionMask = 2147483647;
			files = (
				C9A5BC5B1E7A64DC008DED8B /* ViewController.m in Sources */,
				C9A5BC6C1E7A68D9008DED8B /* WQRequestManager.m in Sources */,
				C9A5BC581E7A64DC008DED8B /* AppDelegate.m in Sources */,
				C9A5BC551E7A64DC008DED8B /* main.m in Sources */,
			);
			runOnlyForDeploymentPostprocessing = 0;
		};
/* End PBXSourcesBuildPhase section */

/* Begin PBXVariantGroup section */
		C9A5BC5C1E7A64DC008DED8B /* Main.storyboard */ = {
			isa = PBXVariantGroup;
			children = (
				C9A5BC5D1E7A64DC008DED8B /* Base */,
			);
			name = Main.storyboard;
			sourceTree = "<group>";
		};
		C9A5BC611E7A64DC008DED8B /* LaunchScreen.storyboard */ = {
			isa = PBXVariantGroup;
			children = (
				C9A5BC621E7A64DC008DED8B /* Base */,
			);
			name = LaunchScreen.storyboard;
			sourceTree = "<group>";
		};
/* End PBXVariantGroup section */

/* Begin XCBuildConfiguration section */
		C9A5BC651E7A64DC008DED8B /* Debug */ = {
			isa = XCBuildConfiguration;
			buildSettings = {
				ALWAYS_SEARCH_USER_PATHS = NO;
				CLANG_ANALYZER_NONNULL = YES;
				CLANG_CXX_LANGUAGE_STANDARD = "gnu++0x";
				CLANG_CXX_LIBRARY = "libc++";
				CLANG_ENABLE_MODULES = YES;
				CLANG_ENABLE_OBJC_ARC = YES;
				CLANG_WARN_BOOL_CONVERSION = YES;
				CLANG_WARN_CONSTANT_CONVERSION = YES;
				CLANG_WARN_DIRECT_OBJC_ISA_USAGE = YES_ERROR;
				CLANG_WARN_DOCUMENTATION_COMMENTS = YES;
				CLANG_WARN_EMPTY_BODY = YES;
				CLANG_WARN_ENUM_CONVERSION = YES;
				CLANG_WARN_INFINITE_RECURSION = YES;
				CLANG_WARN_INT_CONVERSION = YES;
				CLANG_WARN_OBJC_ROOT_CLASS = YES_ERROR;
				CLANG_WARN_SUSPICIOUS_MOVE = YES;
				CLANG_WARN_UNREACHABLE_CODE = YES;
				CLANG_WARN__DUPLICATE_METHOD_MATCH = YES;
				"CODE_SIGN_IDENTITY[sdk=iphoneos*]" = "iPhone Developer";
				COPY_PHASE_STRIP = NO;
				DEBUG_INFORMATION_FORMAT = dwarf;
				ENABLE_STRICT_OBJC_MSGSEND = YES;
				ENABLE_TESTABILITY = YES;
				GCC_C_LANGUAGE_STANDARD = gnu99;
				GCC_DYNAMIC_NO_PIC = NO;
				GCC_NO_COMMON_BLOCKS = YES;
				GCC_OPTIMIZATION_LEVEL = 0;
				GCC_PREPROCESSOR_DEFINITIONS = (
					"DEBUG=1",
					"$(inherited)",
				);
				GCC_WARN_64_TO_32_BIT_CONVERSION = YES;
				GCC_WARN_ABOUT_RETURN_TYPE = YES_ERROR;
				GCC_WARN_UNDECLARED_SELECTOR = YES;
				GCC_WARN_UNINITIALIZED_AUTOS = YES_AGGRESSIVE;
				GCC_WARN_UNUSED_FUNCTION = YES;
				GCC_WARN_UNUSED_VARIABLE = YES;
				IPHONEOS_DEPLOYMENT_TARGET = 10.2;
				MTL_ENABLE_DEBUG_INFO = YES;
				ONLY_ACTIVE_ARCH = YES;
				SDKROOT = iphoneos;
			};
			name = Debug;
		};
		C9A5BC661E7A64DC008DED8B /* Release */ = {
			isa = XCBuildConfiguration;
			buildSettings = {
				ALWAYS_SEARCH_USER_PATHS = NO;
				CLANG_ANALYZER_NONNULL = YES;
				CLANG_CXX_LANGUAGE_STANDARD = "gnu++0x";
				CLANG_CXX_LIBRARY = "libc++";
				CLANG_ENABLE_MODULES = YES;
				CLANG_ENABLE_OBJC_ARC = YES;
				CLANG_WARN_BOOL_CONVERSION = YES;
				CLANG_WARN_CONSTANT_CONVERSION = YES;
				CLANG_WARN_DIRECT_OBJC_ISA_USAGE = YES_ERROR;
				CLANG_WARN_DOCUMENTATION_COMMENTS = YES;
				CLANG_WARN_EMPTY_BODY = YES;
				CLANG_WARN_ENUM_CONVERSION = YES;
				CLANG_WARN_INFINITE_RECURSION = YES;
				CLANG_WARN_INT_CONVERSION = YES;
				CLANG_WARN_OBJC_ROOT_CLASS = YES_ERROR;
				CLANG_WARN_SUSPICIOUS_MOVE = YES;
				CLANG_WARN_UNREACHABLE_CODE = YES;
				CLANG_WARN__DUPLICATE_METHOD_MATCH = YES;
				"CODE_SIGN_IDENTITY[sdk=iphoneos*]" = "iPhone Developer";
				COPY_PHASE_STRIP = NO;
				DEBUG_INFORMATION_FORMAT = "dwarf-with-dsym";
				ENABLE_NS_ASSERTIONS = NO;
				ENABLE_STRICT_OBJC_MSGSEND = YES;
				GCC_C_LANGUAGE_STANDARD = gnu99;
				GCC_NO_COMMON_BLOCKS = YES;
				GCC_WARN_64_TO_32_BIT_CONVERSION = YES;
				GCC_WARN_ABOUT_RETURN_TYPE = YES_ERROR;
				GCC_WARN_UNDECLARED_SELECTOR = YES;
				GCC_WARN_UNINITIALIZED_AUTOS = YES_AGGRESSIVE;
				GCC_WARN_UNUSED_FUNCTION = YES;
				GCC_WARN_UNUSED_VARIABLE = YES;
				IPHONEOS_DEPLOYMENT_TARGET = 10.2;
				MTL_ENABLE_DEBUG_INFO = NO;
				SDKROOT = iphoneos;
				VALIDATE_PRODUCT = YES;
			};
			name = Release;
		};
		C9A5BC681E7A64DC008DED8B /* Debug */ = {
			isa = XCBuildConfiguration;
			baseConfigurationReference = 898971AFA98EE15CD76F9F6A /* Pods-WQHttpRequest.debug.xcconfig */;
			buildSettings = {
				ASSETCATALOG_COMPILER_APPICON_NAME = AppIcon;
				DEVELOPMENT_TEAM = "";
				INFOPLIST_FILE = WQHttpRequest/Info.plist;
				LD_RUNPATH_SEARCH_PATHS = "$(inherited) @executable_path/Frameworks";
				PRODUCT_BUNDLE_IDENTIFIER = com.wangqiang.WQHttpRequest;
				PRODUCT_NAME = "$(TARGET_NAME)";
			};
			name = Debug;
		};
		C9A5BC691E7A64DC008DED8B /* Release */ = {
			isa = XCBuildConfiguration;
			baseConfigurationReference = DAB39C80436882FDBC0C81F6 /* Pods-WQHttpRequest.release.xcconfig */;
			buildSettings = {
				ASSETCATALOG_COMPILER_APPICON_NAME = AppIcon;
				DEVELOPMENT_TEAM = "";
				INFOPLIST_FILE = WQHttpRequest/Info.plist;
				LD_RUNPATH_SEARCH_PATHS = "$(inherited) @executable_path/Frameworks";
				PRODUCT_BUNDLE_IDENTIFIER = com.wangqiang.WQHttpRequest;
				PRODUCT_NAME = "$(TARGET_NAME)";
			};
			name = Release;
		};
/* End XCBuildConfiguration section */

/* Begin XCConfigurationList section */
		C9A5BC4B1E7A64DC008DED8B /* Build configuration list for PBXProject "WQHttpRequest" */ = {
			isa = XCConfigurationList;
			buildConfigurations = (
				C9A5BC651E7A64DC008DED8B /* Debug */,
				C9A5BC661E7A64DC008DED8B /* Release */,
			);
			defaultConfigurationIsVisible = 0;
			defaultConfigurationName = Release;
		};
		C9A5BC671E7A64DC008DED8B /* Build configuration list for PBXNativeTarget "WQHttpRequest" */ = {
			isa = XCConfigurationList;
			buildConfigurations = (
				C9A5BC681E7A64DC008DED8B /* Debug */,
				C9A5BC691E7A64DC008DED8B /* Release */,
			);
			defaultConfigurationIsVisible = 0;
			defaultConfigurationName = Release;
		};
/* End XCConfigurationList section */
	};
	rootObject = C9A5BC481E7A64DC008DED8B /* Project object */;
}
